
Microsoft Visual Studio Solution File, Format Version 12.00
# Visual Studio 2013
VisualStudioVersion = 12.0.21005.1
MinimumVisualStudioVersion = 10.0.40219.1
Project("{FAE04EC0-301F-11D3-BF4B-00C04F79EFBC}") = "CleverDock", "CleverDock\CleverDock.csproj", "{8CFABB6F-87C9-4BBA-861D-FDB179E8AF43}"
EndProject
Global
	GlobalSection(SolutionConfigurationPlatforms) = preSolution
		Debug 64|Any CPU = Debug 64|Any CPU
		Debug 64|x64 = Debug 64|x64
		Debug|Any CPU = Debug|Any CPU
		Debug|x64 = Debug|x64
		Release|Any CPU = Release|Any CPU
		Release|x64 = Release|x64
	EndGlobalSection
	GlobalSection(ProjectConfigurationPlatforms) = postSolution
		{8CFABB6F-87C9-4BBA-861D-FDB179E8AF43}.Debug 64|Any CPU.ActiveCfg = Debug 64|Any CPU
		{8CFABB6F-87C9-4BBA-861D-FDB179E8AF43}.Debug 64|Any CPU.Build.0 = Debug 64|Any CPU
		{8CFABB6F-87C9-4BBA-861D-FDB179E8AF43}.Debug 64|x64.ActiveCfg = Debug 64|x64
		{8CFABB6F-87C9-4BBA-861D-FDB179E8AF43}.Debug 64|x64.Build.0 = Debug 64|x64
		{8CFABB6F-87C9-4BBA-861D-FDB179E8AF43}.Debug|Any CPU.ActiveCfg = Debug|Any CPU
		{8CFABB6F-87C9-4BBA-861D-FDB179E8AF43}.Debug|Any CPU.Build.0 = Debug|Any CPU
		{8CFABB6F-87C9-4BBA-861D-FDB179E8AF43}.Debug|x64.ActiveCfg = Debug|x64
		{8CFABB6F-87C9-4BBA-861D-FDB179E8AF43}.Debug|x64.Build.0 = Debug|x64
		{8CFABB6F-87C9-4BBA-861D-FDB179E8AF43}.Release|Any CPU.ActiveCfg = Release|Any CPU
		{8CFABB6F-87C9-4BBA-861D-FDB179E8AF43}.Release|Any CPU.Build.0 = Release|Any CPU
		{8CFABB6F-87C9-4BBA-861D-FDB179E8AF43}.Release|x64.ActiveCfg = Release|x64
		{8CFABB6F-87C9-4BBA-861D-FDB179E8AF43}.Release|x64.Build.0 = Release|x64
	EndGlobalSection
	GlobalSection(SolutionProperties) = preSolution
		HideSolutionNode = FALSE
	EndGlobalSection
EndGlobal
